
Microsoft Visual Studio Solution File, Format Version 12.00
# Visual Studio Version 17
VisualStudioVersion = 17.0.31903.59
MinimumVisualStudioVersion = 10.0.40219.1
Project("{2150E333-8FDC-42A3-9474-1A3956D46DE8}") = "src", "src", "{827E0CD3-B72D-47B6-A68D-7590B98EB39B}"
EndProject
Project("{FAE04EC0-301F-11D3-BF4B-00C04F79EFBC}") = "SystemOneDotNet", "src\SystemOneDotNet\SystemOneDotNet.csproj", "{547287FA-9AC7-4A64-B3D5-D4812A11DC1E}"
EndProject
Project("{2150E333-8FDC-42A3-9474-1A3956D46DE8}") = "tests", "tests", "{0AB3BF05-4346-4AA6-1389-037BE0695223}"
EndProject
Project("{FAE04EC0-301F-11D3-BF4B-00C04F79EFBC}") = "SystemOneDotNet.Tests", "tests\SystemOneDotNet.Tests\SystemOneDotNet.Tests.csproj", "{8E01640D-EEDF-4185-99B8-C73F9206E40D}"
EndProject
Project("{FAE04EC0-301F-11D3-BF4B-00C04F79EFBC}") = "SystemOneDotNet.Verification", "tests\SystemOneDotNet.Verification\SystemOneDotNet.Verification.csproj", "{6ECDF2A1-286C-44AF-B9A7-57644FEE9695}"
EndProject
Project("{2150E333-8FDC-42A3-9474-1A3956D46DE8}") = "samples", "samples", "{5D20AA90-6969-D8BD-9DCD-8634F4692FDA}"
EndProject
Project("{FAE04EC0-301F-11D3-BF4B-00C04F79EFBC}") = "SystemOneDotNet.Sample", "samples\SystemOneDotNet.Sample\SystemOneDotNet.Sample.csproj", "{BC96BB8F-7A18-41AD-A5F4-2E8CC7BF9BE2}"
EndProject
Global
	GlobalSection(SolutionConfigurationPlatforms) = preSolution
		Debug|Any CPU = Debug|Any CPU
		Debug|x64 = Debug|x64
		Debug|x86 = Debug|x86
		Release|Any CPU = Release|Any CPU
		Release|x64 = Release|x64
		Release|x86 = Release|x86
	EndGlobalSection
	GlobalSection(ProjectConfigurationPlatforms) = postSolution
		{547287FA-9AC7-4A64-B3D5-D4812A11DC1E}.Debug|Any CPU.ActiveCfg = Debug|Any CPU
		{547287FA-9AC7-4A64-B3D5-D4812A11DC1E}.Debug|Any CPU.Build.0 = Debug|Any CPU
		{547287FA-9AC7-4A64-B3D5-D4812A11DC1E}.Debug|x64.ActiveCfg = Debug|Any CPU
		{547287FA-9AC7-4A64-B3D5-D4812A11DC1E}.Debug|x64.Build.0 = Debug|Any CPU
		{547287FA-9AC7-4A64-B3D5-D4812A11DC1E}.Debug|x86.ActiveCfg = Debug|Any CPU
		{547287FA-9AC7-4A64-B3D5-D4812A11DC1E}.Debug|x86.Build.0 = Debug|Any CPU
		{547287FA-9AC7-4A64-B3D5-D4812A11DC1E}.Release|Any CPU.ActiveCfg = Release|Any CPU
		{547287FA-9AC7-4A64-B3D5-D4812A11DC1E}.Release|Any CPU.Build.0 = Release|Any CPU
		{547287FA-9AC7-4A64-B3D5-D4812A11DC1E}.Release|x64.ActiveCfg = Release|Any CPU
		{547287FA-9AC7-4A64-B3D5-D4812A11DC1E}.Release|x64.Build.0 = Release|Any CPU
		{547287FA-9AC7-4A64-B3D5-D4812A11DC1E}.Release|x86.ActiveCfg = Release|Any CPU
		{547287FA-9AC7-4A64-B3D5-D4812A11DC1E}.Release|x86.Build.0 = Release|Any CPU
		{8E01640D-EEDF-4185-99B8-C73F9206E40D}.Debug|Any CPU.ActiveCfg = Debug|Any CPU
		{8E01640D-EEDF-4185-99B8-C73F9206E40D}.Debug|Any CPU.Build.0 = Debug|Any CPU
		{8E01640D-EEDF-4185-99B8-C73F9206E40D}.Debug|x64.ActiveCfg = Debug|Any CPU
		{8E01640D-EEDF-4185-99B8-C73F9206E40D}.Debug|x64.Build.0 = Debug|Any CPU
		{8E01640D-EEDF-4185-99B8-C73F9206E40D}.Debug|x86.ActiveCfg = Debug|Any CPU
		{8E01640D-EEDF-4185-99B8-C73F9206E40D}.Debug|x86.Build.0 = Debug|Any CPU
		{8E01640D-EEDF-4185-99B8-C73F9206E40D}.Release|Any CPU.ActiveCfg = Release|Any CPU
		{8E01640D-EEDF-4185-99B8-C73F9206E40D}.Release|Any CPU.Build.0 = Release|Any CPU
		{8E01640D-EEDF-4185-99B8-C73F9206E40D}.Release|x64.ActiveCfg = Release|Any CPU
		{8E01640D-EEDF-4185-99B8-C73F9206E40D}.Release|x64.Build.0 = Release|Any CPU
		{8E01640D-EEDF-4185-99B8-C73F9206E40D}.Release|x86.ActiveCfg = Release|Any CPU
		{8E01640D-EEDF-4185-99B8-C73F9206E40D}.Release|x86.Build.0 = Release|Any CPU
		{6ECDF2A1-286C-44AF-B9A7-57644FEE9695}.Debug|Any CPU.ActiveCfg = Debug|Any CPU
		{6ECDF2A1-286C-44AF-B9A7-57644FEE9695}.Debug|Any CPU.Build.0 = Debug|Any CPU
		{6ECDF2A1-286C-44AF-B9A7-57644FEE9695}.Debug|x64.ActiveCfg = Debug|Any CPU
		{6ECDF2A1-286C-44AF-B9A7-57644FEE9695}.Debug|x64.Build.0 = Debug|Any CPU
		{6ECDF2A1-286C-44AF-B9A7-57644FEE9695}.Debug|x86.ActiveCfg = Debug|Any CPU
		{6ECDF2A1-286C-44AF-B9A7-57644FEE9695}.Debug|x86.Build.0 = Debug|Any CPU
		{6ECDF2A1-286C-44AF-B9A7-57644FEE9695}.Release|Any CPU.ActiveCfg = Release|Any CPU
		{6ECDF2A1-286C-44AF-B9A7-57644FEE9695}.Release|Any CPU.Build.0 = Release|Any CPU
		{6ECDF2A1-286C-44AF-B9A7-57644FEE9695}.Release|x64.ActiveCfg = Release|Any CPU
		{6ECDF2A1-286C-44AF-B9A7-57644FEE9695}.Release|x64.Build.0 = Release|Any CPU
		{6ECDF2A1-286C-44AF-B9A7-57644FEE9695}.Release|x86.ActiveCfg = Release|Any CPU
		{6ECDF2A1-286C-44AF-B9A7-57644FEE9695}.Release|x86.Build.0 = Release|Any CPU
		{BC96BB8F-7A18-41AD-A5F4-2E8CC7BF9BE2}.Debug|Any CPU.ActiveCfg = Debug|Any CPU
		{BC96BB8F-7A18-41AD-A5F4-2E8CC7BF9BE2}.Debug|Any CPU.Build.0 = Debug|Any CPU
		{BC96BB8F-7A18-41AD-A5F4-2E8CC7BF9BE2}.Debug|x64.ActiveCfg = Debug|Any CPU
		{BC96BB8F-7A18-41AD-A5F4-2E8CC7BF9BE2}.Debug|x64.Build.0 = Debug|Any CPU
		{BC96BB8F-7A18-41AD-A5F4-2E8CC7BF9BE2}.Debug|x86.ActiveCfg = Debug|Any CPU
		{BC96BB8F-7A18-41AD-A5F4-2E8CC7BF9BE2}.Debug|x86.Build.0 = Debug|Any CPU
		{BC96BB8F-7A18-41AD-A5F4-2E8CC7BF9BE2}.Release|Any CPU.ActiveCfg = Release|Any CPU
		{BC96BB8F-7A18-41AD-A5F4-2E8CC7BF9BE2}.Release|Any CPU.Build.0 = Release|Any CPU
		{BC96BB8F-7A18-41AD-A5F4-2E8CC7BF9BE2}.Release|x64.ActiveCfg = Release|Any CPU
		{BC96BB8F-7A18-41AD-A5F4-2E8CC7BF9BE2}.Release|x64.Build.0 = Release|Any CPU
		{BC96BB8F-7A18-41AD-A5F4-2E8CC7BF9BE2}.Release|x86.ActiveCfg = Release|Any CPU
		{BC96BB8F-7A18-41AD-A5F4-2E8CC7BF9BE2}.Release|x86.Build.0 = Release|Any CPU
	EndGlobalSection
	GlobalSection(SolutionProperties) = preSolution
		HideSolutionNode = FALSE
	EndGlobalSection
	GlobalSection(NestedProjects) = preSolution
		{547287FA-9AC7-4A64-B3D5-D4812A11DC1E} = {827E0CD3-B72D-47B6-A68D-7590B98EB39B}
		{8E01640D-EEDF-4185-99B8-C73F9206E40D} = {0AB3BF05-4346-4AA6-1389-037BE0695223}
		{6ECDF2A1-286C-44AF-B9A7-57644FEE9695} = {0AB3BF05-4346-4AA6-1389-037BE0695223}
		{BC96BB8F-7A18-41AD-A5F4-2E8CC7BF9BE2} = {5D20AA90-6969-D8BD-9DCD-8634F4692FDA}
	EndGlobalSection
EndGlobal
